
Microsoft Visual Studio Solution File, Format Version 12.00
# Visual Studio Version 16
VisualStudioVersion = 16.0.31112.23
MinimumVisualStudioVersion = 10.0.40219.1
Project("{FAE04EC0-301F-11D3-BF4B-00C04F79EFBC}") = "Assignment1", "Assignment1\Assignment1.csproj", "{09A47F64-A98A-4F8A-896D-5E77AC53E552}"
EndProject
Global
	GlobalSection(SolutionConfigurationPlatforms) = preSolution
		Debug|Any CPU = Debug|Any CPU
		Release|Any CPU = Release|Any CPU
	EndGlobalSection
	GlobalSection(ProjectConfigurationPlatforms) = postSolution
		{09A47F64-A98A-4F8A-896D-5E77AC53E552}.Debug|Any CPU.ActiveCfg = Debug|Any CPU
		{09A47F64-A98A-4F8A-896D-5E77AC53E552}.Debug|Any CPU.Build.0 = Debug|Any CPU
		{09A47F64-A98A-4F8A-896D-5E77AC53E552}.Debug|Any CPU.Deploy.0 = Debug|Any CPU
		{09A47F64-A98A-4F8A-896D-5E77AC53E552}.Release|Any CPU.ActiveCfg = Release|Any CPU
		{09A47F64-A98A-4F8A-896D-5E77AC53E552}.Release|Any CPU.Build.0 = Release|Any CPU
		{09A47F64-A98A-4F8A-896D-5E77AC53E552}.Release|Any CPU.Deploy.0 = Release|Any CPU
	EndGlobalSection
	GlobalSection(SolutionProperties) = preSolution
		HideSolutionNode = FALSE
	EndGlobalSection
	GlobalSection(ExtensibilityGlobals) = postSolution
		SolutionGuid = {6E234768-19F5-4567-B53E-9310F5D66674}
	EndGlobalSection
EndGlobal
